{
  "name": "chokidar",
  "version": "4.0.3",
  "lockfileVersion": 3,
  "requires": true,
  "packages": {
    "": {
      "name": "chokidar",
      "version": "4.0.3",
      "dependencies": {
        "readdirp": "^4.1.2"
      },
      "devDependencies": {
        "@paulmillr/jsbt": "^0.4.4",
        "micro-should": "^0.5.3",
        "prettier": "^3.6.2",
        "tinyspy": "^4.0.4",
        "typescript": "^5.9.3",
        "upath": "^2.0.1"
      }
    },
    "node_modules/@paulmillr/jsbt": {
      "version": "0.4.4",
      "resolved": "https://registry.npmjs.org/@paulmillr/jsbt/-/jsbt-0.4.4.tgz",
      "integrity": "sha512-aYXEUKwGSkGL/LSmjD9ujf0elquGb1mU048FIqpYudbkz/hTwF8qnEa8gMxnT/ztJQOC8Z+sjWj72WiJO/eCUA==",
      "dev": true,
      "license": "MIT",
      "bin": {
        "jsbt": "jsbt.js"
      }
    },
    "node_modules/micro-should": {
      "version": "0.5.3",
      "resolved": "https://registry.npmjs.org/micro-should/-/micro-should-0.5.3.tgz",
      "integrity": "sha512-3gEuTzROE856pZSijMD5NonIrQTEGLdkMKj42S2JCqpXiaqQdoSqEd/mTonelAT0ZNwheY7pA/w6eAotQTXeWQ==",
      "dev": true,
      "license": "MIT"
    },
    "node_modules/prettier": {
      "version": "3.6.2",
      "resolved": "https://registry.npmjs.org/prettier/-/prettier-3.6.2.tgz",
      "integrity": "sha512-I7AIg5boAr5R0FFtJ6rCfD+LFsWHp81dolrFD8S79U9tb8Az2nGrJncnMSnys+bpQJfRUzqs9hnA81OAA3hCuQ==",
      "dev": true,
      "license": "MIT",
      "bin": {
        "prettier": "bin/prettier.cjs"
      },
      "engines": {
        "node": ">=14"
      },
      "funding": {
        "url": "https://github.com/prettier/prettier?sponsor=1"
      }
    },
    "node_modules/readdirp": {
      "version": "4.1.2",
      "resolved": "https://registry.npmjs.org/readdirp/-/readdirp-4.1.2.tgz",
      "integrity": "sha512-GDhwkLfywWL2s6vEjyhri+eXmfH6j1L7JE27WhqLeYzoh/A3DBaYGEj2H/HFZCn/kMfim73FXxEJTw06WtxQwg==",
      "license": "MIT",
      "engines": {
        "node": ">= 14.18.0"
      },
      "funding": {
        "type": "individual",
        "url": "https://paulmillr.com/funding/"
      }
    },
    "node_modules/tinyspy": {
      "version": "4.0.4",
      "resolved": "https://registry.npmjs.org/tinyspy/-/tinyspy-4.0.4.tgz",
      "integrity": "sha512-azl+t0z7pw/z958Gy9svOTuzqIk6xq+NSheJzn5MMWtWTFywIacg2wUlzKFGtt3cthx0r2SxMK0yzJOR0IES7Q==",
      "dev": true,
      "license": "MIT",
      "engines": {
        "node": ">=14.0.0"
      }
    },
    "node_modules/typescript": {
      "version": "5.9.3",
      "resolved": "https://registry.npmjs.org/typescript/-/typescript-5.9.3.tgz",
      "integrity": "sha512-jl1vZzPDinLr9eUt3J/t7V6FgNEw9QjvBPdysz9KfQDD41fQrC2Y4vKQdiaUpFT4bXlb1RHhLpp8wtm6M5TgSw==",
      "dev": true,
      "license": "Apache-2.0",
      "bin": {
        "tsc": "bin/tsc",
        "tsserver": "bin/tsserver"
      },
      "engines": {
        "node": ">=14.17"
      }
    },
    "node_modules/upath": {
      "version": "2.0.1",
      "resolved": "https://registry.npmjs.org/upath/-/upath-2.0.1.tgz",
      "integrity": "sha512-1uEe95xksV1O0CYKXo8vQvN1JEbtJp7lb7C5U9HMsIp6IVwntkH/oNUzyVNQSd4S1sYk2FpSSW44FqMc8qee5w==",
      "dev": true,
      "license": "MIT",
      "engines": {
        "node": ">=4",
        "yarn": "*"
      }
    }
  }
}
